
Microsoft Visual Studio Solution File, Format Version 12.00
# Visual Studio Version 16
VisualStudioVersion = 16.0.31313.79
MinimumVisualStudioVersion = 10.0.40219.1
Project("{9A19103F-16F7-4668-BE54-9A1E7A4F7556}") = "MLSMTPLib", "MLSMTPLib\MLSMTPLib.csproj", "{A8428127-F12F-472F-AC50-421BF517A75A}"
EndProject
Project("{FAE04EC0-301F-11D3-BF4B-00C04F79EFBC}") = "MLSMTPLib.Tests", "MLSMTPLib.Tests\MLSMTPLib.Tests.csproj", "{F88E2E2A-8CFF-43E0-9132-58F5273C8C3A}"
EndProject
Global
	GlobalSection(SolutionConfigurationPlatforms) = preSolution
		Debug|Any CPU = Debug|Any CPU
		Release|Any CPU = Release|Any CPU
	EndGlobalSection
	GlobalSection(ProjectConfigurationPlatforms) = postSolution
		{A8428127-F12F-472F-AC50-421BF517A75A}.Debug|Any CPU.ActiveCfg = Debug|Any CPU
		{A8428127-F12F-472F-AC50-421BF517A75A}.Debug|Any CPU.Build.0 = Debug|Any CPU
		{A8428127-F12F-472F-AC50-421BF517A75A}.Release|Any CPU.ActiveCfg = Release|Any CPU
		{A8428127-F12F-472F-AC50-421BF517A75A}.Release|Any CPU.Build.0 = Release|Any CPU
		{F88E2E2A-8CFF-43E0-9132-58F5273C8C3A}.Debug|Any CPU.ActiveCfg = Debug|Any CPU
		{F88E2E2A-8CFF-43E0-9132-58F5273C8C3A}.Debug|Any CPU.Build.0 = Debug|Any CPU
		{F88E2E2A-8CFF-43E0-9132-58F5273C8C3A}.Release|Any CPU.ActiveCfg = Release|Any CPU
		{F88E2E2A-8CFF-43E0-9132-58F5273C8C3A}.Release|Any CPU.Build.0 = Release|Any CPU
	EndGlobalSection
	GlobalSection(SolutionProperties) = preSolution
		HideSolutionNode = FALSE
	EndGlobalSection
	GlobalSection(ExtensibilityGlobals) = postSolution
		SolutionGuid = {5A984362-9CE7-48F1-9637-BD91E420B113}
	EndGlobalSection
EndGlobal
